// !$*UTF8*$!
{
	archiveVersion = 1;
	classes = {
	};
	objectVersion = 77;
	objects = {

/* Begin PBXBuildFile section */
		74DB758E2D59F2E300421E6A /* WidgetKit.framework in Frameworks */ = {isa = PBXBuildFile; fileRef = 74DB758D2D59F2E300421E6A /* WidgetKit.framework */; };
		74DB75902D59F2E300421E6A /* SwiftUI.framework in Frameworks */ = {isa = PBXBuildFile; fileRef = 74DB758F2D59F2E300421E6A /* SwiftUI.framework */; };
		74DB759B2D59F2E600421E6A /* GGBusInfoWidgetExtension.appex in Embed Foundation Extensions */ = {isa = PBXBuildFile; fileRef = 74DB758C2D59F2E300421E6A /* GGBusInfoWidgetExtension.appex */; settings = {ATTRIBUTES = (RemoveHeadersOnCopy, ); }; };
		FEFA8C11CFDA7935A5FF77DD /* Pods_GGBusInfo.framework in Frameworks */ = {isa = PBXBuildFile; fileRef = 86CEFBE3CE015691729782D4 /* Pods_GGBusInfo.framework */; };
/* End PBXBuildFile section */

/* Begin PBXContainerItemProxy section */
		74DB75992D59F2E600421E6A /* PBXContainerItemProxy */ = {
			isa = PBXContainerItemProxy;
			containerPortal = 74B185EC2D506B4E0064B4DF /* Project object */;
			proxyType = 1;
			remoteGlobalIDString = 74DB758B2D59F2E300421E6A;
			remoteInfo = GGBusInfoWidgetExtension;
		};
/* End PBXContainerItemProxy section */

/* Begin PBXCopyFilesBuildPhase section */
		74DB75A02D59F2E600421E6A /* Embed Foundation Extensions */ = {
			isa = PBXCopyFilesBuildPhase;
			buildActionMask = 2147483647;
			dstPath = "";
			dstSubfolderSpec = 13;
			files = (
				74DB759B2D59F2E600421E6A /* GGBusInfoWidgetExtension.appex in Embed Foundation Extensions */,
			);
			name = "Embed Foundation Extensions";
			runOnlyForDeploymentPostprocessing = 0;
		};
/* End PBXCopyFilesBuildPhase section */

/* Begin PBXFileReference section */
		4AE48B34509FA60173C8DCF9 /* Pods-GGBusInfo.debug.xcconfig */ = {isa = PBXFileReference; includeInIndex = 1; lastKnownFileType = text.xcconfig; name = "Pods-GGBusInfo.debug.xcconfig"; path = "Target Support Files/Pods-GGBusInfo/Pods-GGBusInfo.debug.xcconfig"; sourceTree = "<group>"; };
		74B185F42D506B4E0064B4DF /* GGBusInfo.app */ = {isa = PBXFileReference; explicitFileType = wrapper.application; includeInIndex = 0; path = GGBusInfo.app; sourceTree = BUILT_PRODUCTS_DIR; };
		74DB758C2D59F2E300421E6A /* GGBusInfoWidgetExtension.appex */ = {isa = PBXFileReference; explicitFileType = "wrapper.app-extension"; includeInIndex = 0; path = GGBusInfoWidgetExtension.appex; sourceTree = BUILT_PRODUCTS_DIR; };
		74DB758D2D59F2E300421E6A /* WidgetKit.framework */ = {isa = PBXFileReference; lastKnownFileType = wrapper.framework; name = WidgetKit.framework; path = System/Library/Frameworks/WidgetKit.framework; sourceTree = SDKROOT; };
		74DB758F2D59F2E300421E6A /* SwiftUI.framework */ = {isa = PBXFileReference; lastKnownFileType = wrapper.framework; name = SwiftUI.framework; path = System/Library/Frameworks/SwiftUI.framework; sourceTree = SDKROOT; };
		74DB75A12D59F30D00421E6A /* GGBusInfoWidgetExtension.entitlements */ = {isa = PBXFileReference; lastKnownFileType = text.plist.entitlements; path = GGBusInfoWidgetExtension.entitlements; sourceTree = "<group>"; };
		86CEFBE3CE015691729782D4 /* Pods_GGBusInfo.framework */ = {isa = PBXFileReference; explicitFileType = wrapper.framework; includeInIndex = 0; path = Pods_GGBusInfo.framework; sourceTree = BUILT_PRODUCTS_DIR; };
		B4610A05B6A6F4BD5679B34E /* Pods-GGBusInfo.release.xcconfig */ = {isa = PBXFileReference; includeInIndex = 1; lastKnownFileType = text.xcconfig; name = "Pods-GGBusInfo.release.xcconfig"; path = "Target Support Files/Pods-GGBusInfo/Pods-GGBusInfo.release.xcconfig"; sourceTree = "<group>"; };
/* End PBXFileReference section */

/* Begin PBXFileSystemSynchronizedBuildFileExceptionSet section */
		74B186312D506C4E0064B4DF /* Exceptions for "GGBusInfo" folder in "GGBusInfo" target */ = {
			isa = PBXFileSystemSynchronizedBuildFileExceptionSet;
			membershipExceptions = (
				Info.plist,
			);
			target = 74B185F32D506B4E0064B4DF /* GGBusInfo */;
		};
		74DB759F2D59F2E600421E6A /* Exceptions for "GGBusInfoWidget" folder in "GGBusInfoWidgetExtension" target */ = {
			isa = PBXFileSystemSynchronizedBuildFileExceptionSet;
			membershipExceptions = (
				Info.plist,
			);
			target = 74DB758B2D59F2E300421E6A /* GGBusInfoWidgetExtension */;
		};
/* End PBXFileSystemSynchronizedBuildFileExceptionSet section */

/* Begin PBXFileSystemSynchronizedRootGroup section */
		74B185F62D506B4E0064B4DF /* GGBusInfo */ = {
			isa = PBXFileSystemSynchronizedRootGroup;
			exceptions = (
				74B186312D506C4E0064B4DF /* Exceptions for "GGBusInfo" folder in "GGBusInfo" target */,
			);
			path = GGBusInfo;
			sourceTree = "<group>";
		};
		74DB75912D59F2E300421E6A /* GGBusInfoWidget */ = {
			isa = PBXFileSystemSynchronizedRootGroup;
			exceptions = (
				74DB759F2D59F2E600421E6A /* Exceptions for "GGBusInfoWidget" folder in "GGBusInfoWidgetExtension" target */,
			);
			path = GGBusInfoWidget;
			sourceTree = "<group>";
		};
/* End PBXFileSystemSynchronizedRootGroup section */

/* Begin PBXFrameworksBuildPhase section */
		74B185F12D506B4E0064B4DF /* Frameworks */ = {
			isa = PBXFrameworksBuildPhase;
			buildActionMask = 2147483647;
			files = (
				FEFA8C11CFDA7935A5FF77DD /* Pods_GGBusInfo.framework in Frameworks */,
			);
			runOnlyForDeploymentPostprocessing = 0;
		};
		74DB75892D59F2E300421E6A /* Frameworks */ = {
			isa = PBXFrameworksBuildPhase;
			buildActionMask = 2147483647;
			files = (
				74DB75902D59F2E300421E6A /* SwiftUI.framework in Frameworks */,
				74DB758E2D59F2E300421E6A /* WidgetKit.framework in Frameworks */,
			);
			runOnlyForDeploymentPostprocessing = 0;
		};
/* End PBXFrameworksBuildPhase section */

/* Begin PBXGroup section */
		63207B7FE5BB03F3FFA39232 /* Pods */ = {
			isa = PBXGroup;
			children = (
				4AE48B34509FA60173C8DCF9 /* Pods-GGBusInfo.debug.xcconfig */,
				B4610A05B6A6F4BD5679B34E /* Pods-GGBusInfo.release.xcconfig */,
			);
			path = Pods;
			sourceTree = "<group>";
		};
		74B185EB2D506B4E0064B4DF = {
			isa = PBXGroup;
			children = (
				74DB75A12D59F30D00421E6A /* GGBusInfoWidgetExtension.entitlements */,
				74B185F62D506B4E0064B4DF /* GGBusInfo */,
				74DB75912D59F2E300421E6A /* GGBusInfoWidget */,
				74B185F52D506B4E0064B4DF /* Products */,
				63207B7FE5BB03F3FFA39232 /* Pods */,
				AA1A8C0724A53950492D2E5C /* Frameworks */,
			);
			sourceTree = "<group>";
		};
		74B185F52D506B4E0064B4DF /* Products */ = {
			isa = PBXGroup;
			children = (
				74B185F42D506B4E0064B4DF /* GGBusInfo.app */,
				74DB758C2D59F2E300421E6A /* GGBusInfoWidgetExtension.appex */,
			);
			name = Products;
			sourceTree = "<group>";
		};
		AA1A8C0724A53950492D2E5C /* Frameworks */ = {
			isa = PBXGroup;
			children = (
				86CEFBE3CE015691729782D4 /* Pods_GGBusInfo.framework */,
				74DB758D2D59F2E300421E6A /* WidgetKit.framework */,
				74DB758F2D59F2E300421E6A /* SwiftUI.framework */,
			);
			name = Frameworks;
			sourceTree = "<group>";
		};
/* End PBXGroup section */

/* Begin PBXNativeTarget section */
		74B185F32D506B4E0064B4DF /* GGBusInfo */ = {
			isa = PBXNativeTarget;
			buildConfigurationList = 74B186032D506B510064B4DF /* Build configuration list for PBXNativeTarget "GGBusInfo" */;
			buildPhases = (
				3676F988C09012E4AF2DDCF4 /* [CP] Check Pods Manifest.lock */,
				74B185F02D506B4E0064B4DF /* Sources */,
				74B185F12D506B4E0064B4DF /* Frameworks */,
				74B185F22D506B4E0064B4DF /* Resources */,
				F0DF5B05B1EB14244B49B4AD /* [CP] Embed Pods Frameworks */,
				74DB75A02D59F2E600421E6A /* Embed Foundation Extensions */,
			);
			buildRules = (
			);
			dependencies = (
				74DB759A2D59F2E600421E6A /* PBXTargetDependency */,
			);
			fileSystemSynchronizedGroups = (
				74B185F62D506B4E0064B4DF /* GGBusInfo */,
			);
			name = GGBusInfo;
			productName = GGBusInfo;
			productReference = 74B185F42D506B4E0064B4DF /* GGBusInfo.app */;
			productType = "com.apple.product-type.application";
		};
		74DB758B2D59F2E300421E6A /* GGBusInfoWidgetExtension */ = {
			isa = PBXNativeTarget;
			buildConfigurationList = 74DB759C2D59F2E600421E6A /* Build configuration list for PBXNativeTarget "GGBusInfoWidgetExtension" */;
			buildPhases = (
				74DB75882D59F2E300421E6A /* Sources */,
				74DB75892D59F2E300421E6A /* Frameworks */,
				74DB758A2D59F2E300421E6A /* Resources */,
			);
			buildRules = (
			);
			dependencies = (
			);
			fileSystemSynchronizedGroups = (
				74DB75912D59F2E300421E6A /* GGBusInfoWidget */,
			);
			name = GGBusInfoWidgetExtension;
			packageProductDependencies = (
			);
			productName = GGBusInfoWidgetExtension;
			productReference = 74DB758C2D59F2E300421E6A /* GGBusInfoWidgetExtension.appex */;
			productType = "com.apple.product-type.app-extension";
		};
/* End PBXNativeTarget section */

/* Begin PBXProject section */
		74B185EC2D506B4E0064B4DF /* Project object */ = {
			isa = PBXProject;
			attributes = {
				BuildIndependentTargetsInParallel = 1;
				LastSwiftUpdateCheck = 1620;
				LastUpgradeCheck = 1620;
				TargetAttributes = {
					74B185F32D506B4E0064B4DF = {
						CreatedOnToolsVersion = 16.2;
					};
					74DB758B2D59F2E300421E6A = {
						CreatedOnToolsVersion = 16.2;
					};
				};
			};
			buildConfigurationList = 74B185EF2D506B4E0064B4DF /* Build configuration list for PBXProject "GGBusInfo" */;
			developmentRegion = en;
			hasScannedForEncodings = 0;
			knownRegions = (
				en,
				Base,
			);
			mainGroup = 74B185EB2D506B4E0064B4DF;
			minimizedProjectReferenceProxies = 1;
			preferredProjectObjectVersion = 77;
			productRefGroup = 74B185F52D506B4E0064B4DF /* Products */;
			projectDirPath = "";
			projectRoot = "";
			targets = (
				74B185F32D506B4E0064B4DF /* GGBusInfo */,
				74DB758B2D59F2E300421E6A /* GGBusInfoWidgetExtension */,
			);
		};
/* End PBXProject section */

/* Begin PBXResourcesBuildPhase section */
		74B185F22D506B4E0064B4DF /* Resources */ = {
			isa = PBXResourcesBuildPhase;
			buildActionMask = 2147483647;
			files = (
			);
			runOnlyForDeploymentPostprocessing = 0;
		};
		74DB758A2D59F2E300421E6A /* Resources */ = {
			isa = PBXResourcesBuildPhase;
			buildActionMask = 2147483647;
			files = (
			);
			runOnlyForDeploymentPostprocessing = 0;
		};
/* End PBXResourcesBuildPhase section */

/* Begin PBXShellScriptBuildPhase section */
		3676F988C09012E4AF2DDCF4 /* [CP] Check Pods Manifest.lock */ = {
			isa = PBXShellScriptBuildPhase;
			buildActionMask = 2147483647;
			files = (
			);
			inputFileListPaths = (
			);
			inputPaths = (
				"${PODS_PODFILE_DIR_PATH}/Podfile.lock",
				"${PODS_ROOT}/Manifest.lock",
			);
			name = "[CP] Check Pods Manifest.lock";
			outputFileListPaths = (
			);
			outputPaths = (
				"$(DERIVED_FILE_DIR)/Pods-GGBusInfo-checkManifestLockResult.txt",
			);
			runOnlyForDeploymentPostprocessing = 0;
			shellPath = /bin/sh;
			shellScript = "diff \"${PODS_PODFILE_DIR_PATH}/Podfile.lock\" \"${PODS_ROOT}/Manifest.lock\" > /dev/null\nif [ $? != 0 ] ; then\n    # print error to STDERR\n    echo \"error: The sandbox is not in sync with the Podfile.lock. Run 'pod install' or update your CocoaPods installation.\" >&2\n    exit 1\nfi\n# This output is used by Xcode 'outputs' to avoid re-running this script phase.\necho \"SUCCESS\" > \"${SCRIPT_OUTPUT_FILE_0}\"\n";
			showEnvVarsInLog = 0;
		};
		F0DF5B05B1EB14244B49B4AD /* [CP] Embed Pods Frameworks */ = {
			isa = PBXShellScriptBuildPhase;
			buildActionMask = 2147483647;
			files = (
			);
			inputFileListPaths = (
				"${PODS_ROOT}/Target Support Files/Pods-GGBusInfo/Pods-GGBusInfo-frameworks-${CONFIGURATION}-input-files.xcfilelist",
			);
			name = "[CP] Embed Pods Frameworks";
			outputFileListPaths = (
				"${PODS_ROOT}/Target Support Files/Pods-GGBusInfo/Pods-GGBusInfo-frameworks-${CONFIGURATION}-output-files.xcfilelist",
			);
			runOnlyForDeploymentPostprocessing = 0;
			shellPath = /bin/sh;
			shellScript = "\"${PODS_ROOT}/Target Support Files/Pods-GGBusInfo/Pods-GGBusInfo-frameworks.sh\"\n";
			showEnvVarsInLog = 0;
		};
/* End PBXShellScriptBuildPhase section */

/* Begin PBXSourcesBuildPhase section */
		74B185F02D506B4E0064B4DF /* Sources */ = {
			isa = PBXSourcesBuildPhase;
			buildActionMask = 2147483647;
			files = (
			);
			runOnlyForDeploymentPostprocessing = 0;
		};
		74DB75882D59F2E300421E6A /* Sources */ = {
			isa = PBXSourcesBuildPhase;
			buildActionMask = 2147483647;
			files = (
			);
			runOnlyForDeploymentPostprocessing = 0;
		};
/* End PBXSourcesBuildPhase section */

/* Begin PBXTargetDependency section */
		74DB759A2D59F2E600421E6A /* PBXTargetDependency */ = {
			isa = PBXTargetDependency;
			target = 74DB758B2D59F2E300421E6A /* GGBusInfoWidgetExtension */;
			targetProxy = 74DB75992D59F2E600421E6A /* PBXContainerItemProxy */;
		};
/* End PBXTargetDependency section */

/* Begin XCBuildConfiguration section */
		74B186012D506B510064B4DF /* Debug */ = {
			isa = XCBuildConfiguration;
			buildSettings = {
				ALWAYS_SEARCH_USER_PATHS = NO;
				ASSETCATALOG_COMPILER_GENERATE_SWIFT_ASSET_SYMBOL_EXTENSIONS = YES;
				CLANG_ANALYZER_NONNULL = YES;
				CLANG_ANALYZER_NUMBER_OBJECT_CONVERSION = YES_AGGRESSIVE;
				CLANG_CXX_LANGUAGE_STANDARD = "gnu++20";
				CLANG_ENABLE_MODULES = YES;
				CLANG_ENABLE_OBJC_ARC = YES;
				CLANG_ENABLE_OBJC_WEAK = YES;
				CLANG_WARN_BLOCK_CAPTURE_AUTORELEASING = YES;
				CLANG_WARN_BOOL_CONVERSION = YES;
				CLANG_WARN_COMMA = YES;
				CLANG_WARN_CONSTANT_CONVERSION = YES;
				CLANG_WARN_DEPRECATED_OBJC_IMPLEMENTATIONS = YES;
				CLANG_WARN_DIRECT_OBJC_ISA_USAGE = YES_ERROR;
				CLANG_WARN_DOCUMENTATION_COMMENTS = YES;
				CLANG_WARN_EMPTY_BODY = YES;
				CLANG_WARN_ENUM_CONVERSION = YES;
				CLANG_WARN_INFINITE_RECURSION = YES;
				CLANG_WARN_INT_CONVERSION = YES;
				CLANG_WARN_NON_LITERAL_NULL_CONVERSION = YES;
				CLANG_WARN_OBJC_IMPLICIT_RETAIN_SELF = YES;
				CLANG_WARN_OBJC_LITERAL_CONVERSION = YES;
				CLANG_WARN_OBJC_ROOT_CLASS = YES_ERROR;
				CLANG_WARN_QUOTED_INCLUDE_IN_FRAMEWORK_HEADER = YES;
				CLANG_WARN_RANGE_LOOP_ANALYSIS = YES;
				CLANG_WARN_STRICT_PROTOTYPES = YES;
				CLANG_WARN_SUSPICIOUS_MOVE = YES;
				CLANG_WARN_UNGUARDED_AVAILABILITY = YES_AGGRESSIVE;
				CLANG_WARN_UNREACHABLE_CODE = YES;
				CLANG_WARN__DUPLICATE_METHOD_MATCH = YES;
				COPY_PHASE_STRIP = NO;
				DEBUG_INFORMATION_FORMAT = dwarf;
				ENABLE_STRICT_OBJC_MSGSEND = YES;
				ENABLE_TESTABILITY = YES;
				ENABLE_USER_SCRIPT_SANDBOXING = NO;
				GCC_C_LANGUAGE_STANDARD = gnu17;
				GCC_DYNAMIC_NO_PIC = NO;
				GCC_NO_COMMON_BLOCKS = YES;
				GCC_OPTIMIZATION_LEVEL = 0;
				GCC_PREPROCESSOR_DEFINITIONS = (
					"DEBUG=1",
					"$(inherited)",
				);
				GCC_WARN_64_TO_32_BIT_CONVERSION = YES;
				GCC_WARN_ABOUT_RETURN_TYPE = YES_ERROR;
				GCC_WARN_UNDECLARED_SELECTOR = YES;
				GCC_WARN_UNINITIALIZED_AUTOS = YES_AGGRESSIVE;
				GCC_WARN_UNUSED_FUNCTION = YES;
				GCC_WARN_UNUSED_VARIABLE = YES;
				LOCALIZATION_PREFERS_STRING_CATALOGS = YES;
				MTL_ENABLE_DEBUG_INFO = INCLUDE_SOURCE;
				MTL_FAST_MATH = YES;
				ONLY_ACTIVE_ARCH = YES;
				SWIFT_ACTIVE_COMPILATION_CONDITIONS = "DEBUG $(inherited)";
				SWIFT_OPTIMIZATION_LEVEL = "-Onone";
			};
			name = Debug;
		};
		74B186022D506B510064B4DF /* Release */ = {
			isa = XCBuildConfiguration;
			buildSettings = {
				ALWAYS_SEARCH_USER_PATHS = NO;
				ASSETCATALOG_COMPILER_GENERATE_SWIFT_ASSET_SYMBOL_EXTENSIONS = YES;
				CLANG_ANALYZER_NONNULL = YES;
				CLANG_ANALYZER_NUMBER_OBJECT_CONVERSION = YES_AGGRESSIVE;
				CLANG_CXX_LANGUAGE_STANDARD = "gnu++20";
				CLANG_ENABLE_MODULES = YES;
				CLANG_ENABLE_OBJC_ARC = YES;
				CLANG_ENABLE_OBJC_WEAK = YES;
				CLANG_WARN_BLOCK_CAPTURE_AUTORELEASING = YES;
				CLANG_WARN_BOOL_CONVERSION = YES;
				CLANG_WARN_COMMA = YES;
				CLANG_WARN_CONSTANT_CONVERSION = YES;
				CLANG_WARN_DEPRECATED_OBJC_IMPLEMENTATIONS = YES;
				CLANG_WARN_DIRECT_OBJC_ISA_USAGE = YES_ERROR;
				CLANG_WARN_DOCUMENTATION_COMMENTS = YES;
				CLANG_WARN_EMPTY_BODY = YES;
				CLANG_WARN_ENUM_CONVERSION = YES;
				CLANG_WARN_INFINITE_RECURSION = YES;
				CLANG_WARN_INT_CONVERSION = YES;
				CLANG_WARN_NON_LITERAL_NULL_CONVERSION = YES;
				CLANG_WARN_OBJC_IMPLICIT_RETAIN_SELF = YES;
				CLANG_WARN_OBJC_LITERAL_CONVERSION = YES;
				CLANG_WARN_OBJC_ROOT_CLASS = YES_ERROR;
				CLANG_WARN_QUOTED_INCLUDE_IN_FRAMEWORK_HEADER = YES;
				CLANG_WARN_RANGE_LOOP_ANALYSIS = YES;
				CLANG_WARN_STRICT_PROTOTYPES = YES;
				CLANG_WARN_SUSPICIOUS_MOVE = YES;
				CLANG_WARN_UNGUARDED_AVAILABILITY = YES_AGGRESSIVE;
				CLANG_WARN_UNREACHABLE_CODE = YES;
				CLANG_WARN__DUPLICATE_METHOD_MATCH = YES;
				COPY_PHASE_STRIP = NO;
				DEBUG_INFORMATION_FORMAT = "dwarf-with-dsym";
				ENABLE_NS_ASSERTIONS = NO;
				ENABLE_STRICT_OBJC_MSGSEND = YES;
				ENABLE_USER_SCRIPT_SANDBOXING = NO;
				GCC_C_LANGUAGE_STANDARD = gnu17;
				GCC_NO_COMMON_BLOCKS = YES;
				GCC_WARN_64_TO_32_BIT_CONVERSION = YES;
				GCC_WARN_ABOUT_RETURN_TYPE = YES_ERROR;
				GCC_WARN_UNDECLARED_SELECTOR = YES;
				GCC_WARN_UNINITIALIZED_AUTOS = YES_AGGRESSIVE;
				GCC_WARN_UNUSED_FUNCTION = YES;
				GCC_WARN_UNUSED_VARIABLE = YES;
				LOCALIZATION_PREFERS_STRING_CATALOGS = YES;
				MTL_ENABLE_DEBUG_INFO = NO;
				MTL_FAST_MATH = YES;
				SWIFT_COMPILATION_MODE = wholemodule;
			};
			name = Release;
		};
		74B186042D506B510064B4DF /* Debug */ = {
			isa = XCBuildConfiguration;
			baseConfigurationReference = 4AE48B34509FA60173C8DCF9 /* Pods-GGBusInfo.debug.xcconfig */;
			buildSettings = {
				ASSETCATALOG_COMPILER_APPICON_NAME = AppIcon;
				ASSETCATALOG_COMPILER_GLOBAL_ACCENT_COLOR_NAME = AccentColor;
				CODE_SIGN_ENTITLEMENTS = GGBusInfo/GGBusInfo.entitlements;
				"CODE_SIGN_IDENTITY[sdk=macosx*]" = "Apple Development";
				CODE_SIGN_STYLE = Automatic;
				CURRENT_PROJECT_VERSION = 1;
				DEVELOPMENT_ASSET_PATHS = "\"GGBusInfo/Preview Content\"";
				DEVELOPMENT_TEAM = 3Z3Z2QU4A3;
				ENABLE_HARDENED_RUNTIME = YES;
				ENABLE_PREVIEWS = YES;
				GENERATE_INFOPLIST_FILE = YES;
				INFOPLIST_FILE = GGBusInfo/Info.plist;
				INFOPLIST_KEY_CFBundleDisplayName = "나우버스 경기";
				INFOPLIST_KEY_LSApplicationCategoryType = "public.app-category.lifestyle";
				INFOPLIST_KEY_NSLocationWhenInUseUsageDescription = "앱 사용 중 귀하의 위치 정보를 사용하여 500m 이내 정류장 정보를 제공하기 위해 위치 권한을 필요로 합니다.";
				"INFOPLIST_KEY_UIApplicationSceneManifest_Generation[sdk=iphoneos*]" = YES;
				"INFOPLIST_KEY_UIApplicationSceneManifest_Generation[sdk=iphonesimulator*]" = YES;
				"INFOPLIST_KEY_UIApplicationSupportsIndirectInputEvents[sdk=iphoneos*]" = YES;
				"INFOPLIST_KEY_UIApplicationSupportsIndirectInputEvents[sdk=iphonesimulator*]" = YES;
				"INFOPLIST_KEY_UILaunchScreen_Generation[sdk=iphoneos*]" = YES;
				"INFOPLIST_KEY_UILaunchScreen_Generation[sdk=iphonesimulator*]" = YES;
				"INFOPLIST_KEY_UIStatusBarStyle[sdk=iphoneos*]" = UIStatusBarStyleDefault;
				"INFOPLIST_KEY_UIStatusBarStyle[sdk=iphonesimulator*]" = UIStatusBarStyleDefault;
				INFOPLIST_KEY_UISupportedInterfaceOrientations = UIInterfaceOrientationPortrait;
				IPHONEOS_DEPLOYMENT_TARGET = 15.6;
				LD_RUNPATH_SEARCH_PATHS = "@executable_path/Frameworks";
				"LD_RUNPATH_SEARCH_PATHS[sdk=macosx*]" = "@executable_path/../Frameworks";
				MACOSX_DEPLOYMENT_TARGET = 15.2;
				MARKETING_VERSION = 0.9;
				PRODUCT_BUNDLE_IDENTIFIER = com.gg.bus.GGBusInfo;
				PRODUCT_NAME = "$(TARGET_NAME)";
				SDKROOT = auto;
				SUPPORTED_PLATFORMS = "iphoneos iphonesimulator macosx xros xrsimulator";
				SWIFT_EMIT_LOC_STRINGS = YES;
				SWIFT_VERSION = 5.0;
				TARGETED_DEVICE_FAMILY = "1,2,7";
				XROS_DEPLOYMENT_TARGET = 2.2;
			};
			name = Debug;
		};
		74B186052D506B510064B4DF /* Release */ = {
			isa = XCBuildConfiguration;
			baseConfigurationReference = B4610A05B6A6F4BD5679B34E /* Pods-GGBusInfo.release.xcconfig */;
			buildSettings = {
				ASSETCATALOG_COMPILER_APPICON_NAME = AppIcon;
				ASSETCATALOG_COMPILER_GLOBAL_ACCENT_COLOR_NAME = AccentColor;
				CODE_SIGN_ENTITLEMENTS = GGBusInfo/GGBusInfo.entitlements;
				"CODE_SIGN_IDENTITY[sdk=macosx*]" = "Apple Development";
				CODE_SIGN_STYLE = Automatic;
				CURRENT_PROJECT_VERSION = 1;
				DEVELOPMENT_ASSET_PATHS = "\"GGBusInfo/Preview Content\"";
				DEVELOPMENT_TEAM = 3Z3Z2QU4A3;
				ENABLE_HARDENED_RUNTIME = YES;
				ENABLE_PREVIEWS = YES;
				GENERATE_INFOPLIST_FILE = YES;
				INFOPLIST_FILE = GGBusInfo/Info.plist;
				INFOPLIST_KEY_CFBundleDisplayName = "나우버스 경기";
				INFOPLIST_KEY_LSApplicationCategoryType = "public.app-category.lifestyle";
				INFOPLIST_KEY_NSLocationWhenInUseUsageDescription = "앱 사용 중 귀하의 위치 정보를 사용하여 500m 이내 정류장 정보를 제공하기 위해 위치 권한을 필요로 합니다.";
				"INFOPLIST_KEY_UIApplicationSceneManifest_Generation[sdk=iphoneos*]" = YES;
				"INFOPLIST_KEY_UIApplicationSceneManifest_Generation[sdk=iphonesimulator*]" = YES;
				"INFOPLIST_KEY_UIApplicationSupportsIndirectInputEvents[sdk=iphoneos*]" = YES;
				"INFOPLIST_KEY_UIApplicationSupportsIndirectInputEvents[sdk=iphonesimulator*]" = YES;
				"INFOPLIST_KEY_UILaunchScreen_Generation[sdk=iphoneos*]" = YES;
				"INFOPLIST_KEY_UILaunchScreen_Generation[sdk=iphonesimulator*]" = YES;
				"INFOPLIST_KEY_UIStatusBarStyle[sdk=iphoneos*]" = UIStatusBarStyleDefault;
				"INFOPLIST_KEY_UIStatusBarStyle[sdk=iphonesimulator*]" = UIStatusBarStyleDefault;
				INFOPLIST_KEY_UISupportedInterfaceOrientations = UIInterfaceOrientationPortrait;
				IPHONEOS_DEPLOYMENT_TARGET = 15.6;
				LD_RUNPATH_SEARCH_PATHS = "@executable_path/Frameworks";
				"LD_RUNPATH_SEARCH_PATHS[sdk=macosx*]" = "@executable_path/../Frameworks";
				MACOSX_DEPLOYMENT_TARGET = 15.2;
				MARKETING_VERSION = 0.9;
				PRODUCT_BUNDLE_IDENTIFIER = com.gg.bus.GGBusInfo;
				PRODUCT_NAME = "$(TARGET_NAME)";
				SDKROOT = auto;
				SUPPORTED_PLATFORMS = "iphoneos iphonesimulator macosx xros xrsimulator";
				SWIFT_EMIT_LOC_STRINGS = YES;
				SWIFT_VERSION = 5.0;
				TARGETED_DEVICE_FAMILY = "1,2,7";
				XROS_DEPLOYMENT_TARGET = 2.2;
			};
			name = Release;
		};
		74DB759D2D59F2E600421E6A /* Debug */ = {
			isa = XCBuildConfiguration;
			buildSettings = {
				ASSETCATALOG_COMPILER_GLOBAL_ACCENT_COLOR_NAME = AccentColor;
				ASSETCATALOG_COMPILER_WIDGET_BACKGROUND_COLOR_NAME = WidgetBackground;
				CODE_SIGN_ENTITLEMENTS = GGBusInfoWidgetExtension.entitlements;
				CODE_SIGN_STYLE = Automatic;
				CURRENT_PROJECT_VERSION = 1;
				DEVELOPMENT_TEAM = 3Z3Z2QU4A3;
				ENABLE_USER_SCRIPT_SANDBOXING = YES;
				GENERATE_INFOPLIST_FILE = YES;
				INFOPLIST_FILE = GGBusInfoWidget/Info.plist;
				INFOPLIST_KEY_CFBundleDisplayName = GGBusInfoWidget;
				INFOPLIST_KEY_NSHumanReadableCopyright = "";
				IPHONEOS_DEPLOYMENT_TARGET = 15.6;
				LD_RUNPATH_SEARCH_PATHS = (
					"$(inherited)",
					"@executable_path/Frameworks",
					"@executable_path/../../Frameworks",
				);
				MARKETING_VERSION = 1.0;
				PRODUCT_BUNDLE_IDENTIFIER = com.gg.bus.GGBusInfo.GGBusInfoWidget;
				PRODUCT_NAME = "$(TARGET_NAME)";
				SDKROOT = iphoneos;
				SKIP_INSTALL = YES;
				SWIFT_EMIT_LOC_STRINGS = YES;
				SWIFT_VERSION = 5.0;
				TARGETED_DEVICE_FAMILY = "1,2";
			};
			name = Debug;
		};
		74DB759E2D59F2E600421E6A /* Release */ = {
			isa = XCBuildConfiguration;
			buildSettings = {
				ASSETCATALOG_COMPILER_GLOBAL_ACCENT_COLOR_NAME = AccentColor;
				ASSETCATALOG_COMPILER_WIDGET_BACKGROUND_COLOR_NAME = WidgetBackground;
				CODE_SIGN_ENTITLEMENTS = GGBusInfoWidgetExtension.entitlements;
				CODE_SIGN_STYLE = Automatic;
				CURRENT_PROJECT_VERSION = 1;
				DEVELOPMENT_TEAM = 3Z3Z2QU4A3;
				ENABLE_USER_SCRIPT_SANDBOXING = YES;
				GENERATE_INFOPLIST_FILE = YES;
				INFOPLIST_FILE = GGBusInfoWidget/Info.plist;
				INFOPLIST_KEY_CFBundleDisplayName = GGBusInfoWidget;
				INFOPLIST_KEY_NSHumanReadableCopyright = "";
				IPHONEOS_DEPLOYMENT_TARGET = 15.6;
				LD_RUNPATH_SEARCH_PATHS = (
					"$(inherited)",
					"@executable_path/Frameworks",
					"@executable_path/../../Frameworks",
				);
				MARKETING_VERSION = 1.0;
				PRODUCT_BUNDLE_IDENTIFIER = com.gg.bus.GGBusInfo.GGBusInfoWidget;
				PRODUCT_NAME = "$(TARGET_NAME)";
				SDKROOT = iphoneos;
				SKIP_INSTALL = YES;
				SWIFT_EMIT_LOC_STRINGS = YES;
				SWIFT_VERSION = 5.0;
				TARGETED_DEVICE_FAMILY = "1,2";
				VALIDATE_PRODUCT = YES;
			};
			name = Release;
		};
/* End XCBuildConfiguration section */

/* Begin XCConfigurationList section */
		74B185EF2D506B4E0064B4DF /* Build configuration list for PBXProject "GGBusInfo" */ = {
			isa = XCConfigurationList;
			buildConfigurations = (
				74B186012D506B510064B4DF /* Debug */,
				74B186022D506B510064B4DF /* Release */,
			);
			defaultConfigurationIsVisible = 0;
			defaultConfigurationName = Release;
		};
		74B186032D506B510064B4DF /* Build configuration list for PBXNativeTarget "GGBusInfo" */ = {
			isa = XCConfigurationList;
			buildConfigurations = (
				74B186042D506B510064B4DF /* Debug */,
				74B186052D506B510064B4DF /* Release */,
			);
			defaultConfigurationIsVisible = 0;
			defaultConfigurationName = Release;
		};
		74DB759C2D59F2E600421E6A /* Build configuration list for PBXNativeTarget "GGBusInfoWidgetExtension" */ = {
			isa = XCConfigurationList;
			buildConfigurations = (
				74DB759D2D59F2E600421E6A /* Debug */,
				74DB759E2D59F2E600421E6A /* Release */,
			);
			defaultConfigurationIsVisible = 0;
			defaultConfigurationName = Release;
		};
/* End XCConfigurationList section */
	};
	rootObject = 74B185EC2D506B4E0064B4DF /* Project object */;
}
